
Microsoft Visual Studio Solution File, Format Version 12.00
# Visual Studio Version 17
VisualStudioVersion = 17.3.32611.2
MinimumVisualStudioVersion = 10.0.40219.1
Project("{2150E333-8FDC-42A3-9474-1A3956D46DE8}") = "Core", "Core", "{0BC225A5-E62B-4BAF-B87E-80EAA8A30A0C}"
EndProject
Project("{2150E333-8FDC-42A3-9474-1A3956D46DE8}") = "Infrastructure", "Infrastructure", "{2CB48FB9-ED7B-45B2-AD85-79D5C449A88B}"
EndProject
Project("{2150E333-8FDC-42A3-9474-1A3956D46DE8}") = "Tests", "Tests", "{3268D40D-78A8-447F-8698-0C2A8373B667}"
EndProject
Project("{9A19103F-16F7-4668-BE54-9A1E7A4F7556}") = "EDSystems.Domain", "EDSystems.Domain\EDSystems.Domain.csproj", "{C35A91CE-92F9-4328-BF02-FFAD26E8BD5B}"
EndProject
Project("{9A19103F-16F7-4668-BE54-9A1E7A4F7556}") = "EDSystems.Application", "EDSystems.Application\EDSystems.Application.csproj", "{F7B5288C-8615-47EE-98E3-21A19764D194}"
EndProject
Project("{9A19103F-16F7-4668-BE54-9A1E7A4F7556}") = "EDSystems.Persistence", "EDSystems.Persistence\EDSystems.Persistence.csproj", "{9A250EFE-5AB6-4200-9A29-7AAC232498A0}"
EndProject
Project("{2150E333-8FDC-42A3-9474-1A3956D46DE8}") = "Presentation", "Presentation", "{C80BA87B-3387-4007-ADEC-BCA206951816}"
EndProject
Project("{9A19103F-16F7-4668-BE54-9A1E7A4F7556}") = "EDSystems.WebApi", "EDSystems.WebApi\EDSystems.WebApi.csproj", "{9DC22CAB-5A19-4DC5-A907-C94C2AC89209}"
EndProject
Project("{2150E333-8FDC-42A3-9474-1A3956D46DE8}") = "Solution Items", "Solution Items", "{493581E1-9BDE-4041-AED6-8733BDA464F4}"
	ProjectSection(SolutionItems) = preProject
		appspec.yml = appspec.yml
		Helpers.txt = Helpers.txt
	EndProjectSection
EndProject
Project("{2150E333-8FDC-42A3-9474-1A3956D46DE8}") = "scripts", "scripts", "{313AC6AA-A49A-4C73-A6B4-A28F1BC68C42}"
	ProjectSection(SolutionItems) = preProject
		scripts\before_install.sh = scripts\before_install.sh
		scripts\edsystems.backend.service = scripts\edsystems.backend.service
		scripts\start_app.sh = scripts\start_app.sh
		scripts\stop_app.sh = scripts\stop_app.sh
	EndProjectSection
EndProject
Project("{2150E333-8FDC-42A3-9474-1A3956D46DE8}") = "app", "app", "{42FC3E47-75E0-48A4-B1BB-B659C2204977}"
EndProject
Global
	GlobalSection(SolutionConfigurationPlatforms) = preSolution
		Debug|Any CPU = Debug|Any CPU
		Release|Any CPU = Release|Any CPU
	EndGlobalSection
	GlobalSection(ProjectConfigurationPlatforms) = postSolution
		{C35A91CE-92F9-4328-BF02-FFAD26E8BD5B}.Debug|Any CPU.ActiveCfg = Debug|Any CPU
		{C35A91CE-92F9-4328-BF02-FFAD26E8BD5B}.Debug|Any CPU.Build.0 = Debug|Any CPU
		{C35A91CE-92F9-4328-BF02-FFAD26E8BD5B}.Release|Any CPU.ActiveCfg = Release|Any CPU
		{C35A91CE-92F9-4328-BF02-FFAD26E8BD5B}.Release|Any CPU.Build.0 = Release|Any CPU
		{F7B5288C-8615-47EE-98E3-21A19764D194}.Debug|Any CPU.ActiveCfg = Debug|Any CPU
		{F7B5288C-8615-47EE-98E3-21A19764D194}.Debug|Any CPU.Build.0 = Debug|Any CPU
		{F7B5288C-8615-47EE-98E3-21A19764D194}.Release|Any CPU.ActiveCfg = Release|Any CPU
		{F7B5288C-8615-47EE-98E3-21A19764D194}.Release|Any CPU.Build.0 = Release|Any CPU
		{9A250EFE-5AB6-4200-9A29-7AAC232498A0}.Debug|Any CPU.ActiveCfg = Debug|Any CPU
		{9A250EFE-5AB6-4200-9A29-7AAC232498A0}.Debug|Any CPU.Build.0 = Debug|Any CPU
		{9A250EFE-5AB6-4200-9A29-7AAC232498A0}.Release|Any CPU.ActiveCfg = Release|Any CPU
		{9A250EFE-5AB6-4200-9A29-7AAC232498A0}.Release|Any CPU.Build.0 = Release|Any CPU
		{9DC22CAB-5A19-4DC5-A907-C94C2AC89209}.Debug|Any CPU.ActiveCfg = Debug|Any CPU
		{9DC22CAB-5A19-4DC5-A907-C94C2AC89209}.Debug|Any CPU.Build.0 = Debug|Any CPU
		{9DC22CAB-5A19-4DC5-A907-C94C2AC89209}.Release|Any CPU.ActiveCfg = Release|Any CPU
		{9DC22CAB-5A19-4DC5-A907-C94C2AC89209}.Release|Any CPU.Build.0 = Release|Any CPU
	EndGlobalSection
	GlobalSection(SolutionProperties) = preSolution
		HideSolutionNode = FALSE
	EndGlobalSection
	GlobalSection(NestedProjects) = preSolution
		{C35A91CE-92F9-4328-BF02-FFAD26E8BD5B} = {0BC225A5-E62B-4BAF-B87E-80EAA8A30A0C}
		{F7B5288C-8615-47EE-98E3-21A19764D194} = {0BC225A5-E62B-4BAF-B87E-80EAA8A30A0C}
		{9A250EFE-5AB6-4200-9A29-7AAC232498A0} = {2CB48FB9-ED7B-45B2-AD85-79D5C449A88B}
		{9DC22CAB-5A19-4DC5-A907-C94C2AC89209} = {C80BA87B-3387-4007-ADEC-BCA206951816}
	EndGlobalSection
	GlobalSection(ExtensibilityGlobals) = postSolution
		SolutionGuid = {47F97F0C-81E8-4198-9B49-6827FF93F80A}
	EndGlobalSection
EndGlobal
